# This file is autogenerated, do not edit; changes may be undone by the next 'dep ensure'.


[[projects]]
  digest = "1:014e79cf5c422dd0547a87bde33c7f7b3cd29116a96fac8897c7e50f18531dea"
  name = "github.com/aws/aws-lambda-go"
  packages = [
    "events",
    "lambda",
    "lambda/messages",
    "lambdacontext",
  ]
  pruneopts = "UT"
  revision = "2d482ef09017ae953b1e8d5a6ddac5b696663a3c"
  version = "v1.6.0"

[[projects]]
  digest = "1:f1375487ffd62adbdce704250a9ded232e7289b168493427b18fe478925e4139"
  name = "github.com/jkomyno/palitra"
  packages = ["."]
  pruneopts = "UT"
  revision = "cd8f50f6e5d998657c2136a0a6bf7a1491a567ff"
  version = "v1.0.0"

[[projects]]
  branch = "master"
  digest = "1:772869a16a75336324c3c52e8b0d81fb31ea3298017c8bbc5d9c08eff6a9514e"
  name = "github.com/jyotiska/go-webcolors"
  packages = ["."]
  pruneopts = "UT"
  revision = "d3232ed694183c27f15f3d74f1bd38090ecbde05"

[[projects]]
  branch = "master"
  digest = "1:34534b73e925d20cc72cf202f8b482fdcbe3a1b113e19375f31aadabd0f0f97d"
  name = "github.com/nfnt/resize"
  packages = ["."]
  pruneopts = "UT"
  revision = "83c6a9932646f83e3267f353373d47347b6036b2"

[solve-meta]
  analyzer-name = "dep"
  analyzer-version = 1
  input-imports = [
    "github.com/aws/aws-lambda-go/events",
    "github.com/aws/aws-lambda-go/lambda",
    "github.com/jkomyno/palitra",
  ]
  solver-name = "gps-cdcl"
  solver-version = 1
